
Microsoft Visual Studio Solution File, Format Version 12.00
# Visual Studio 14
VisualStudioVersion = 14.0.25420.1
MinimumVisualStudioVersion = 10.0.40219.1
Project("{FAE04EC0-301F-11D3-BF4B-00C04F79EFBC}") = "LyncBot.Console", "LyncBot.Console\LyncBot.Console.csproj", "{B79EABFA-A86E-4DEF-9F98-2A3F946AED32}"
EndProject
Project("{FAE04EC0-301F-11D3-BF4B-00C04F79EFBC}") = "LyncBot.Core", "LyncBot.Core\LyncBot.Core.csproj", "{CF866E64-CD87-4E62-8ED0-E0CED87467CA}"
EndProject
Global
	GlobalSection(SolutionConfigurationPlatforms) = preSolution
		Debug|Any CPU = Debug|Any CPU
		Release|Any CPU = Release|Any CPU
	EndGlobalSection
	GlobalSection(ProjectConfigurationPlatforms) = postSolution
		{B79EABFA-A86E-4DEF-9F98-2A3F946AED32}.Debug|Any CPU.ActiveCfg = Debug|Any CPU
		{B79EABFA-A86E-4DEF-9F98-2A3F946AED32}.Debug|Any CPU.Build.0 = Debug|Any CPU
		{B79EABFA-A86E-4DEF-9F98-2A3F946AED32}.Release|Any CPU.ActiveCfg = Release|Any CPU
		{B79EABFA-A86E-4DEF-9F98-2A3F946AED32}.Release|Any CPU.Build.0 = Release|Any CPU
		{CF866E64-CD87-4E62-8ED0-E0CED87467CA}.Debug|Any CPU.ActiveCfg = Debug|Any CPU
		{CF866E64-CD87-4E62-8ED0-E0CED87467CA}.Debug|Any CPU.Build.0 = Debug|Any CPU
		{CF866E64-CD87-4E62-8ED0-E0CED87467CA}.Release|Any CPU.ActiveCfg = Release|Any CPU
		{CF866E64-CD87-4E62-8ED0-E0CED87467CA}.Release|Any CPU.Build.0 = Release|Any CPU
	EndGlobalSection
	GlobalSection(SolutionProperties) = preSolution
		HideSolutionNode = FALSE
	EndGlobalSection
EndGlobal
